github.com/ByteArena/box2d v1.0.2 h1:f7f9KEQWhCs1n516DMLzi5w6u0MeeE78Mes4fWMcj9k=
github.com/ByteArena/box2d v1.0.2/go.mod h1:LzEuxY9iCz+tskfWCY3o0ywYBRafDDugdSj+/YGI6sE=
github.com/Tarliton/collision2d v0.0.0-20160527013055-f7a088279920 h1:0IrTIOtqYxunLFS7/NZtdHDXifo0sjOnw2y2EhvDIFE=
github.com/Tarliton/collision2d v0.0.0-20160527013055-f7a088279920/go.mod h1:xQkVqGFqY6zzdXxydhfUfJQfmSIAyx0XavFZgQK0F5o=
